<Solution>
  <Folder Name="/benchmarks/">
    <Project Path="benchmarks/WZ.RateLimiting.Benchmarks/WZ.RateLimiting.Benchmarks.csproj" />
  </Folder>
  <Folder Name="/samples/">
    <Project Path="samples/BasicApi/BasicApi.csproj" />
    <Project Path="samples/MinimalApi/MinimalApi.csproj" />
  </Folder>
  <Folder Name="/src/">
    <Project Path="src/WZ.RateLimiting/WZ.RateLimiting.csproj" />
  </Folder>
  <Folder Name="/tests/">
    <Project Path="tests/WZ.RateLimiting.IntegrationTests/WZ.RateLimiting.IntegrationTests.csproj" />
    <Project Path="tests/WZ.RateLimiting.Tests/WZ.RateLimiting.Tests.csproj" />
  </Folder>
</Solution>
